
Microsoft Visual Studio Solution File, Format Version 12.00
# Visual Studio Version 17
VisualStudioVersion = 17.0.31903.59
MinimumVisualStudioVersion = 10.0.40219.1
Project("{FAE04EC0-301F-11D3-BF4B-00C04F79EFBC}") = "CatTail", "CatTail\CatTail.csproj", "{00D50BAE-D828-4906-8CD9-7D6A8D040633}"
EndProject
Project("{FAE04EC0-301F-11D3-BF4B-00C04F79EFBC}") = "CatTail.Generators", "CatTail.Generators\CatTail.Generators.csproj", "{83E3D916-6F65-42ED-ACD1-984F3AC14584}"
EndProject
Project("{2150E333-8FDC-42A3-9474-1A3956D46DE8}") = "Solution Items", "Solution Items", "{63D230B0-8001-4967-8B87-EBFC1AAB4E9B}"
	ProjectSection(SolutionItems) = preProject
		.editorconfig = .editorconfig
	EndProjectSection
EndProject
Project("{2150E333-8FDC-42A3-9474-1A3956D46DE8}") = "Targets", "Targets", "{46369734-73FF-467B-BCC9-F6D2373896B9}"
EndProject
Project("{FAE04EC0-301F-11D3-BF4B-00C04F79EFBC}") = "CatTail.Targets.Common", "CatTail.Targets.Common\CatTail.Targets.Common.csproj", "{390589D6-4666-4864-91A1-2196A06C7C9A}"
EndProject
Project("{FAE04EC0-301F-11D3-BF4B-00C04F79EFBC}") = "CatTail.Targets.GitHubActions", "CatTail.Targets.GitHubActions\CatTail.Targets.GitHubActions.csproj", "{E75D1DCC-FDD3-41A0-ABBA-66C7E6E024C7}"
EndProject
Project("{FAE04EC0-301F-11D3-BF4B-00C04F79EFBC}") = "CatTail.Targets.AzurePipelines", "CatTail.Targets.AzurePipelines\CatTail.Targets.AzurePipelines.csproj", "{65B6249C-9311-4F76-9916-BD5F89EF7311}"
EndProject
Project("{FAE04EC0-301F-11D3-BF4B-00C04F79EFBC}") = "CatTail.Targets.ShellScript", "CatTail.Targets.ShellScript\CatTail.Targets.ShellScript.csproj", "{893D729D-CBF1-4BAF-BB34-C407E69990CE}"
EndProject
Project("{2150E333-8FDC-42A3-9474-1A3956D46DE8}") = "Demos", "Demos", "{261DEE33-C898-4E9D-88D4-583A18C0F273}"
EndProject
Project("{FAE04EC0-301F-11D3-BF4B-00C04F79EFBC}") = "CatTail.Demo", "Demos\CatTail.Demo\CatTail.Demo.csproj", "{EE8BF3CC-8FB7-45B0-9A2F-84B3C5C2D53B}"
EndProject
Global
	GlobalSection(SolutionConfigurationPlatforms) = preSolution
		Debug|Any CPU = Debug|Any CPU
		Release|Any CPU = Release|Any CPU
	EndGlobalSection
	GlobalSection(SolutionProperties) = preSolution
		HideSolutionNode = FALSE
	EndGlobalSection
	GlobalSection(ProjectConfigurationPlatforms) = postSolution
		{00D50BAE-D828-4906-8CD9-7D6A8D040633}.Debug|Any CPU.ActiveCfg = Debug|Any CPU
		{00D50BAE-D828-4906-8CD9-7D6A8D040633}.Debug|Any CPU.Build.0 = Debug|Any CPU
		{00D50BAE-D828-4906-8CD9-7D6A8D040633}.Release|Any CPU.ActiveCfg = Release|Any CPU
		{00D50BAE-D828-4906-8CD9-7D6A8D040633}.Release|Any CPU.Build.0 = Release|Any CPU
		{83E3D916-6F65-42ED-ACD1-984F3AC14584}.Debug|Any CPU.ActiveCfg = Debug|Any CPU
		{83E3D916-6F65-42ED-ACD1-984F3AC14584}.Debug|Any CPU.Build.0 = Debug|Any CPU
		{83E3D916-6F65-42ED-ACD1-984F3AC14584}.Release|Any CPU.ActiveCfg = Release|Any CPU
		{83E3D916-6F65-42ED-ACD1-984F3AC14584}.Release|Any CPU.Build.0 = Release|Any CPU
		{E75D1DCC-FDD3-41A0-ABBA-66C7E6E024C7}.Debug|Any CPU.ActiveCfg = Debug|Any CPU
		{E75D1DCC-FDD3-41A0-ABBA-66C7E6E024C7}.Debug|Any CPU.Build.0 = Debug|Any CPU
		{E75D1DCC-FDD3-41A0-ABBA-66C7E6E024C7}.Release|Any CPU.ActiveCfg = Release|Any CPU
		{E75D1DCC-FDD3-41A0-ABBA-66C7E6E024C7}.Release|Any CPU.Build.0 = Release|Any CPU
		{65B6249C-9311-4F76-9916-BD5F89EF7311}.Debug|Any CPU.ActiveCfg = Debug|Any CPU
		{65B6249C-9311-4F76-9916-BD5F89EF7311}.Debug|Any CPU.Build.0 = Debug|Any CPU
		{65B6249C-9311-4F76-9916-BD5F89EF7311}.Release|Any CPU.ActiveCfg = Release|Any CPU
		{65B6249C-9311-4F76-9916-BD5F89EF7311}.Release|Any CPU.Build.0 = Release|Any CPU
		{893D729D-CBF1-4BAF-BB34-C407E69990CE}.Debug|Any CPU.ActiveCfg = Debug|Any CPU
		{893D729D-CBF1-4BAF-BB34-C407E69990CE}.Debug|Any CPU.Build.0 = Debug|Any CPU
		{893D729D-CBF1-4BAF-BB34-C407E69990CE}.Release|Any CPU.ActiveCfg = Release|Any CPU
		{893D729D-CBF1-4BAF-BB34-C407E69990CE}.Release|Any CPU.Build.0 = Release|Any CPU
		{EE8BF3CC-8FB7-45B0-9A2F-84B3C5C2D53B}.Debug|Any CPU.ActiveCfg = Debug|Any CPU
		{EE8BF3CC-8FB7-45B0-9A2F-84B3C5C2D53B}.Debug|Any CPU.Build.0 = Debug|Any CPU
		{EE8BF3CC-8FB7-45B0-9A2F-84B3C5C2D53B}.Release|Any CPU.ActiveCfg = Release|Any CPU
		{EE8BF3CC-8FB7-45B0-9A2F-84B3C5C2D53B}.Release|Any CPU.Build.0 = Release|Any CPU
		{390589D6-4666-4864-91A1-2196A06C7C9A}.Debug|Any CPU.ActiveCfg = Debug|Any CPU
		{390589D6-4666-4864-91A1-2196A06C7C9A}.Debug|Any CPU.Build.0 = Debug|Any CPU
		{390589D6-4666-4864-91A1-2196A06C7C9A}.Release|Any CPU.ActiveCfg = Release|Any CPU
		{390589D6-4666-4864-91A1-2196A06C7C9A}.Release|Any CPU.Build.0 = Release|Any CPU
	EndGlobalSection
	GlobalSection(NestedProjects) = preSolution
		{E75D1DCC-FDD3-41A0-ABBA-66C7E6E024C7} = {46369734-73FF-467B-BCC9-F6D2373896B9}
		{65B6249C-9311-4F76-9916-BD5F89EF7311} = {46369734-73FF-467B-BCC9-F6D2373896B9}
		{893D729D-CBF1-4BAF-BB34-C407E69990CE} = {46369734-73FF-467B-BCC9-F6D2373896B9}
		{EE8BF3CC-8FB7-45B0-9A2F-84B3C5C2D53B} = {261DEE33-C898-4E9D-88D4-583A18C0F273}
		{390589D6-4666-4864-91A1-2196A06C7C9A} = {46369734-73FF-467B-BCC9-F6D2373896B9}
	EndGlobalSection
EndGlobal
